
Microsoft Visual Studio Solution File, Format Version 12.00
# Visual Studio Version 17
VisualStudioVersion = 17.2.32526.322
MinimumVisualStudioVersion = 10.0.40219.1
Project("{FAE04EC0-301F-11D3-BF4B-00C04F79EFBC}") = "DeliveryService", "DeliveryService\DeliveryService.csproj", "{DD4EA046-B673-47BD-8B17-64D5AA8EF538}"
EndProject
Global
	GlobalSection(SolutionConfigurationPlatforms) = preSolution
		Debug|Any CPU = Debug|Any CPU
		Release|Any CPU = Release|Any CPU
	EndGlobalSection
	GlobalSection(ProjectConfigurationPlatforms) = postSolution
		{DD4EA046-B673-47BD-8B17-64D5AA8EF538}.Debug|Any CPU.ActiveCfg = Debug|Any CPU
		{DD4EA046-B673-47BD-8B17-64D5AA8EF538}.Debug|Any CPU.Build.0 = Debug|Any CPU
		{DD4EA046-B673-47BD-8B17-64D5AA8EF538}.Release|Any CPU.ActiveCfg = Release|Any CPU
		{DD4EA046-B673-47BD-8B17-64D5AA8EF538}.Release|Any CPU.Build.0 = Release|Any CPU
	EndGlobalSection
	GlobalSection(SolutionProperties) = preSolution
		HideSolutionNode = FALSE
	EndGlobalSection
	GlobalSection(ExtensibilityGlobals) = postSolution
		SolutionGuid = {15488F7A-FEAC-432F-B385-4DCCB5DC7565}
	EndGlobalSection
EndGlobal
